
Microsoft Visual Studio Solution File, Format Version 12.00
# Visual Studio Version 17
VisualStudioVersion = 17.10.35004.147
MinimumVisualStudioVersion = 10.0.40219.1
Project("{FAE04EC0-301F-11D3-BF4B-00C04F79EFBC}") = "bai12_tinhtoantrongdayso", "bai12_tinhtoantrongdayso\bai12_tinhtoantrongdayso.csproj", "{DD69D63F-F674-4620-8DBA-96C7542E41A3}"
EndProject
Global
	GlobalSection(SolutionConfigurationPlatforms) = preSolution
		Debug|Any CPU = Debug|Any CPU
		Release|Any CPU = Release|Any CPU
	EndGlobalSection
	GlobalSection(ProjectConfigurationPlatforms) = postSolution
		{DD69D63F-F674-4620-8DBA-96C7542E41A3}.Debug|Any CPU.ActiveCfg = Debug|Any CPU
		{DD69D63F-F674-4620-8DBA-96C7542E41A3}.Debug|Any CPU.Build.0 = Debug|Any CPU
		{DD69D63F-F674-4620-8DBA-96C7542E41A3}.Release|Any CPU.ActiveCfg = Release|Any CPU
		{DD69D63F-F674-4620-8DBA-96C7542E41A3}.Release|Any CPU.Build.0 = Release|Any CPU
	EndGlobalSection
	GlobalSection(SolutionProperties) = preSolution
		HideSolutionNode = FALSE
	EndGlobalSection
	GlobalSection(ExtensibilityGlobals) = postSolution
		SolutionGuid = {3B744633-70FE-4706-8E2E-E290F1AFDB5A}
	EndGlobalSection
EndGlobal
